
Microsoft Visual Studio Solution File, Format Version 12.00
# Visual Studio 15
VisualStudioVersion = 15.0.27703.2026
MinimumVisualStudioVersion = 10.0.40219.1
Project("{FAE04EC0-301F-11D3-BF4B-00C04F79EFBC}") = "HelloXamarin.Android", "HelloXamarin\HelloXamarin.Android\HelloXamarin.Android.csproj", "{057A893D-7F62-4D38-BE70-AA3A2BC512B6}"
EndProject
Project("{FAE04EC0-301F-11D3-BF4B-00C04F79EFBC}") = "HelloXamarin.iOS", "HelloXamarin\HelloXamarin.iOS\HelloXamarin.iOS.csproj", "{A27647A7-9BA7-4E3D-AEEE-9DA42B5DA014}"
EndProject
Project("{FAE04EC0-301F-11D3-BF4B-00C04F79EFBC}") = "HelloXamarin.UWP", "HelloXamarin\HelloXamarin.UWP\HelloXamarin.UWP.csproj", "{868748F1-7038-4E12-B2A5-D102DCE84028}"
EndProject
Project("{9A19103F-16F7-4668-BE54-9A1E7A4F7556}") = "HelloXamarin", "HelloXamarin\HelloXamarin\HelloXamarin.csproj", "{19C3CAB5-2737-4EC4-9A8D-BB2A3CF97AAC}"
EndProject
Global
	GlobalSection(SolutionConfigurationPlatforms) = preSolution
		Ad-Hoc|Any CPU = Ad-Hoc|Any CPU
		Ad-Hoc|ARM = Ad-Hoc|ARM
		Ad-Hoc|iPhone = Ad-Hoc|iPhone
		Ad-Hoc|iPhoneSimulator = Ad-Hoc|iPhoneSimulator
		Ad-Hoc|x64 = Ad-Hoc|x64
		Ad-Hoc|x86 = Ad-Hoc|x86
		AppStore|Any CPU = AppStore|Any CPU
		AppStore|ARM = AppStore|ARM
		AppStore|iPhone = AppStore|iPhone
		AppStore|iPhoneSimulator = AppStore|iPhoneSimulator
		AppStore|x64 = AppStore|x64
		AppStore|x86 = AppStore|x86
		Debug|Any CPU = Debug|Any CPU
		Debug|ARM = Debug|ARM
		Debug|iPhone = Debug|iPhone
		Debug|iPhoneSimulator = Debug|iPhoneSimulator
		Debug|x64 = Debug|x64
		Debug|x86 = Debug|x86
		Release|Any CPU = Release|Any CPU
		Release|ARM = Release|ARM
		Release|iPhone = Release|iPhone
		Release|iPhoneSimulator = Release|iPhoneSimulator
		Release|x64 = Release|x64
		Release|x86 = Release|x86
	EndGlobalSection
	GlobalSection(ProjectConfigurationPlatforms) = postSolution
		{057A893D-7F62-4D38-BE70-AA3A2BC512B6}.Ad-Hoc|Any CPU.ActiveCfg = Release|Any CPU
		{057A893D-7F62-4D38-BE70-AA3A2BC512B6}.Ad-Hoc|Any CPU.Build.0 = Release|Any CPU
		{057A893D-7F62-4D38-BE70-AA3A2BC512B6}.Ad-Hoc|Any CPU.Deploy.0 = Release|Any CPU
		{057A893D-7F62-4D38-BE70-AA3A2BC512B6}.Ad-Hoc|ARM.ActiveCfg = Release|Any CPU
		{057A893D-7F62-4D38-BE70-AA3A2BC512B6}.Ad-Hoc|ARM.Build.0 = Release|Any CPU
		{057A893D-7F62-4D38-BE70-AA3A2BC512B6}.Ad-Hoc|ARM.Deploy.0 = Release|Any CPU
		{057A893D-7F62-4D38-BE70-AA3A2BC512B6}.Ad-Hoc|iPhone.ActiveCfg = Release|Any CPU
		{057A893D-7F62-4D38-BE70-AA3A2BC512B6}.Ad-Hoc|iPhone.Build.0 = Release|Any CPU
		{057A893D-7F62-4D38-BE70-AA3A2BC512B6}.Ad-Hoc|iPhone.Deploy.0 = Release|Any CPU
		{057A893D-7F62-4D38-BE70-AA3A2BC512B6}.Ad-Hoc|iPhoneSimulator.ActiveCfg = Release|Any CPU
		{057A893D-7F62-4D38-BE70-AA3A2BC512B6}.Ad-Hoc|iPhoneSimulator.Build.0 = Release|Any CPU
		{057A893D-7F62-4D38-BE70-AA3A2BC512B6}.Ad-Hoc|iPhoneSimulator.Deploy.0 = Release|Any CPU
		{057A893D-7F62-4D38-BE70-AA3A2BC512B6}.Ad-Hoc|x64.ActiveCfg = Release|Any CPU
		{057A893D-7F62-4D38-BE70-AA3A2BC512B6}.Ad-Hoc|x64.Build.0 = Release|Any CPU
		{057A893D-7F62-4D38-BE70-AA3A2BC512B6}.Ad-Hoc|x64.Deploy.0 = Release|Any CPU
		{057A893D-7F62-4D38-BE70-AA3A2BC512B6}.Ad-Hoc|x86.ActiveCfg = Release|Any CPU
		{057A893D-7F62-4D38-BE70-AA3A2BC512B6}.Ad-Hoc|x86.Build.0 = Release|Any CPU
		{057A893D-7F62-4D38-BE70-AA3A2BC512B6}.Ad-Hoc|x86.Deploy.0 = Release|Any CPU
		{057A893D-7F62-4D38-BE70-AA3A2BC512B6}.AppStore|Any CPU.ActiveCfg = Release|Any CPU
		{057A893D-7F62-4D38-BE70-AA3A2BC512B6}.AppStore|Any CPU.Build.0 = Release|Any CPU
		{057A893D-7F62-4D38-BE70-AA3A2BC512B6}.AppStore|Any CPU.Deploy.0 = Release|Any CPU
		{057A893D-7F62-4D38-BE70-AA3A2BC512B6}.AppStore|ARM.ActiveCfg = Release|Any CPU
		{057A893D-7F62-4D38-BE70-AA3A2BC512B6}.AppStore|ARM.Build.0 = Release|Any CPU
		{057A893D-7F62-4D38-BE70-AA3A2BC512B6}.AppStore|ARM.Deploy.0 = Release|Any CPU
		{057A893D-7F62-4D38-BE70-AA3A2BC512B6}.AppStore|iPhone.ActiveCfg = Release|Any CPU
		{057A893D-7F62-4D38-BE70-AA3A2BC512B6}.AppStore|iPhone.Build.0 = Release|Any CPU
		{057A893D-7F62-4D38-BE70-AA3A2BC512B6}.AppStore|iPhone.Deploy.0 = Release|Any CPU
		{057A893D-7F62-4D38-BE70-AA3A2BC512B6}.AppStore|iPhoneSimulator.ActiveCfg = Release|Any CPU
		{057A893D-7F62-4D38-BE70-AA3A2BC512B6}.AppStore|iPhoneSimulator.Build.0 = Release|Any CPU
		{057A893D-7F62-4D38-BE70-AA3A2BC512B6}.AppStore|iPhoneSimulator.Deploy.0 = Release|Any CPU
		{057A893D-7F62-4D38-BE70-AA3A2BC512B6}.AppStore|x64.ActiveCfg = Release|Any CPU
		{057A893D-7F62-4D38-BE70-AA3A2BC512B6}.AppStore|x64.Build.0 = Release|Any CPU
		{057A893D-7F62-4D38-BE70-AA3A2BC512B6}.AppStore|x64.Deploy.0 = Release|Any CPU
		{057A893D-7F62-4D38-BE70-AA3A2BC512B6}.AppStore|x86.ActiveCfg = Release|Any CPU
		{057A893D-7F62-4D38-BE70-AA3A2BC512B6}.AppStore|x86.Build.0 = Release|Any CPU
		{057A893D-7F62-4D38-BE70-AA3A2BC512B6}.AppStore|x86.Deploy.0 = Release|Any CPU
		{057A893D-7F62-4D38-BE70-AA3A2BC512B6}.Debug|Any CPU.ActiveCfg = Debug|Any CPU
		{057A893D-7F62-4D38-BE70-AA3A2BC512B6}.Debug|Any CPU.Build.0 = Debug|Any CPU
		{057A893D-7F62-4D38-BE70-AA3A2BC512B6}.Debug|Any CPU.Deploy.0 = Debug|Any CPU
		{057A893D-7F62-4D38-BE70-AA3A2BC512B6}.Debug|ARM.ActiveCfg = Debug|Any CPU
		{057A893D-7F62-4D38-BE70-AA3A2BC512B6}.Debug|ARM.Build.0 = Debug|Any CPU
		{057A893D-7F62-4D38-BE70-AA3A2BC512B6}.Debug|ARM.Deploy.0 = Debug|Any CPU
		{057A893D-7F62-4D38-BE70-AA3A2BC512B6}.Debug|iPhone.ActiveCfg = Debug|Any CPU
		{057A893D-7F62-4D38-BE70-AA3A2BC512B6}.Debug|iPhone.Build.0 = Debug|Any CPU
		{057A893D-7F62-4D38-BE70-AA3A2BC512B6}.Debug|iPhone.Deploy.0 = Debug|Any CPU
		{057A893D-7F62-4D38-BE70-AA3A2BC512B6}.Debug|iPhoneSimulator.ActiveCfg = Debug|Any CPU
		{057A893D-7F62-4D38-BE70-AA3A2BC512B6}.Debug|iPhoneSimulator.Build.0 = Debug|Any CPU
		{057A893D-7F62-4D38-BE70-AA3A2BC512B6}.Debug|iPhoneSimulator.Deploy.0 = Debug|Any CPU
		{057A893D-7F62-4D38-BE70-AA3A2BC512B6}.Debug|x64.ActiveCfg = Debug|Any CPU
		{057A893D-7F62-4D38-BE70-AA3A2BC512B6}.Debug|x64.Build.0 = Debug|Any CPU
		{057A893D-7F62-4D38-BE70-AA3A2BC512B6}.Debug|x64.Deploy.0 = Debug|Any CPU
		{057A893D-7F62-4D38-BE70-AA3A2BC512B6}.Debug|x86.ActiveCfg = Debug|Any CPU
		{057A893D-7F62-4D38-BE70-AA3A2BC512B6}.Debug|x86.Build.0 = Debug|Any CPU
		{057A893D-7F62-4D38-BE70-AA3A2BC512B6}.Debug|x86.Deploy.0 = Debug|Any CPU
		{057A893D-7F62-4D38-BE70-AA3A2BC512B6}.Release|Any CPU.ActiveCfg = Release|Any CPU
		{057A893D-7F62-4D38-BE70-AA3A2BC512B6}.Release|Any CPU.Build.0 = Release|Any CPU
		{057A893D-7F62-4D38-BE70-AA3A2BC512B6}.Release|Any CPU.Deploy.0 = Release|Any CPU
		{057A893D-7F62-4D38-BE70-AA3A2BC512B6}.Release|ARM.ActiveCfg = Release|Any CPU
		{057A893D-7F62-4D38-BE70-AA3A2BC512B6}.Release|ARM.Build.0 = Release|Any CPU
		{057A893D-7F62-4D38-BE70-AA3A2BC512B6}.Release|ARM.Deploy.0 = Release|Any CPU
		{057A893D-7F62-4D38-BE70-AA3A2BC512B6}.Release|iPhone.ActiveCfg = Release|Any CPU
		{057A893D-7F62-4D38-BE70-AA3A2BC512B6}.Release|iPhone.Build.0 = Release|Any CPU
		{057A893D-7F62-4D38-BE70-AA3A2BC512B6}.Release|iPhone.Deploy.0 = Release|Any CPU
		{057A893D-7F62-4D38-BE70-AA3A2BC512B6}.Release|iPhoneSimulator.ActiveCfg = Release|Any CPU
		{057A893D-7F62-4D38-BE70-AA3A2BC512B6}.Release|iPhoneSimulator.Build.0 = Release|Any CPU
		{057A893D-7F62-4D38-BE70-AA3A2BC512B6}.Release|iPhoneSimulator.Deploy.0 = Release|Any CPU
		{057A893D-7F62-4D38-BE70-AA3A2BC512B6}.Release|x64.ActiveCfg = Release|Any CPU
		{057A893D-7F62-4D38-BE70-AA3A2BC512B6}.Release|x64.Build.0 = Release|Any CPU
		{057A893D-7F62-4D38-BE70-AA3A2BC512B6}.Release|x64.Deploy.0 = Release|Any CPU
		{057A893D-7F62-4D38-BE70-AA3A2BC512B6}.Release|x86.ActiveCfg = Release|Any CPU
		{057A893D-7F62-4D38-BE70-AA3A2BC512B6}.Release|x86.Build.0 = Release|Any CPU
		{057A893D-7F62-4D38-BE70-AA3A2BC512B6}.Release|x86.Deploy.0 = Release|Any CPU
		{A27647A7-9BA7-4E3D-AEEE-9DA42B5DA014}.Ad-Hoc|Any CPU.ActiveCfg = Ad-Hoc|iPhone
		{A27647A7-9BA7-4E3D-AEEE-9DA42B5DA014}.Ad-Hoc|Any CPU.Build.0 = Ad-Hoc|iPhone
		{A27647A7-9BA7-4E3D-AEEE-9DA42B5DA014}.Ad-Hoc|Any CPU.Deploy.0 = Ad-Hoc|iPhone
		{A27647A7-9BA7-4E3D-AEEE-9DA42B5DA014}.Ad-Hoc|ARM.ActiveCfg = Ad-Hoc|iPhone
		{A27647A7-9BA7-4E3D-AEEE-9DA42B5DA014}.Ad-Hoc|ARM.Build.0 = Ad-Hoc|iPhone
		{A27647A7-9BA7-4E3D-AEEE-9DA42B5DA014}.Ad-Hoc|ARM.Deploy.0 = Ad-Hoc|iPhone
		{A27647A7-9BA7-4E3D-AEEE-9DA42B5DA014}.Ad-Hoc|iPhone.ActiveCfg = Ad-Hoc|iPhone
		{A27647A7-9BA7-4E3D-AEEE-9DA42B5DA014}.Ad-Hoc|iPhone.Build.0 = Ad-Hoc|iPhone
		{A27647A7-9BA7-4E3D-AEEE-9DA42B5DA014}.Ad-Hoc|iPhone.Deploy.0 = Ad-Hoc|iPhone
		{A27647A7-9BA7-4E3D-AEEE-9DA42B5DA014}.Ad-Hoc|iPhoneSimulator.ActiveCfg = Ad-Hoc|iPhoneSimulator
		{A27647A7-9BA7-4E3D-AEEE-9DA42B5DA014}.Ad-Hoc|iPhoneSimulator.Build.0 = Ad-Hoc|iPhoneSimulator
		{A27647A7-9BA7-4E3D-AEEE-9DA42B5DA014}.Ad-Hoc|iPhoneSimulator.Deploy.0 = Ad-Hoc|iPhoneSimulator
		{A27647A7-9BA7-4E3D-AEEE-9DA42B5DA014}.Ad-Hoc|x64.ActiveCfg = Ad-Hoc|iPhone
		{A27647A7-9BA7-4E3D-AEEE-9DA42B5DA014}.Ad-Hoc|x64.Build.0 = Ad-Hoc|iPhone
		{A27647A7-9BA7-4E3D-AEEE-9DA42B5DA014}.Ad-Hoc|x64.Deploy.0 = Ad-Hoc|iPhone
		{A27647A7-9BA7-4E3D-AEEE-9DA42B5DA014}.Ad-Hoc|x86.ActiveCfg = Ad-Hoc|iPhone
		{A27647A7-9BA7-4E3D-AEEE-9DA42B5DA014}.Ad-Hoc|x86.Build.0 = Ad-Hoc|iPhone
		{A27647A7-9BA7-4E3D-AEEE-9DA42B5DA014}.Ad-Hoc|x86.Deploy.0 = Ad-Hoc|iPhone
		{A27647A7-9BA7-4E3D-AEEE-9DA42B5DA014}.AppStore|Any CPU.ActiveCfg = AppStore|iPhone
		{A27647A7-9BA7-4E3D-AEEE-9DA42B5DA014}.AppStore|Any CPU.Build.0 = AppStore|iPhone
		{A27647A7-9BA7-4E3D-AEEE-9DA42B5DA014}.AppStore|Any CPU.Deploy.0 = AppStore|iPhone
		{A27647A7-9BA7-4E3D-AEEE-9DA42B5DA014}.AppStore|ARM.ActiveCfg = AppStore|iPhone
		{A27647A7-9BA7-4E3D-AEEE-9DA42B5DA014}.AppStore|ARM.Build.0 = AppStore|iPhone
		{A27647A7-9BA7-4E3D-AEEE-9DA42B5DA014}.AppStore|ARM.Deploy.0 = AppStore|iPhone
		{A27647A7-9BA7-4E3D-AEEE-9DA42B5DA014}.AppStore|iPhone.ActiveCfg = AppStore|iPhone
		{A27647A7-9BA7-4E3D-AEEE-9DA42B5DA014}.AppStore|iPhone.Build.0 = AppStore|iPhone
		{A27647A7-9BA7-4E3D-AEEE-9DA42B5DA014}.AppStore|iPhone.Deploy.0 = AppStore|iPhone
		{A27647A7-9BA7-4E3D-AEEE-9DA42B5DA014}.AppStore|iPhoneSimulator.ActiveCfg = AppStore|iPhoneSimulator
		{A27647A7-9BA7-4E3D-AEEE-9DA42B5DA014}.AppStore|iPhoneSimulator.Build.0 = AppStore|iPhoneSimulator
		{A27647A7-9BA7-4E3D-AEEE-9DA42B5DA014}.AppStore|iPhoneSimulator.Deploy.0 = AppStore|iPhoneSimulator
		{A27647A7-9BA7-4E3D-AEEE-9DA42B5DA014}.AppStore|x64.ActiveCfg = AppStore|iPhone
		{A27647A7-9BA7-4E3D-AEEE-9DA42B5DA014}.AppStore|x64.Build.0 = AppStore|iPhone
		{A27647A7-9BA7-4E3D-AEEE-9DA42B5DA014}.AppStore|x64.Deploy.0 = AppStore|iPhone
		{A27647A7-9BA7-4E3D-AEEE-9DA42B5DA014}.AppStore|x86.ActiveCfg = AppStore|iPhone
		{A27647A7-9BA7-4E3D-AEEE-9DA42B5DA014}.AppStore|x86.Build.0 = AppStore|iPhone
		{A27647A7-9BA7-4E3D-AEEE-9DA42B5DA014}.AppStore|x86.Deploy.0 = AppStore|iPhone
		{A27647A7-9BA7-4E3D-AEEE-9DA42B5DA014}.Debug|Any CPU.ActiveCfg = Debug|iPhoneSimulator
		{A27647A7-9BA7-4E3D-AEEE-9DA42B5DA014}.Debug|Any CPU.Build.0 = Debug|iPhoneSimulator
		{A27647A7-9BA7-4E3D-AEEE-9DA42B5DA014}.Debug|Any CPU.Deploy.0 = Debug|iPhoneSimulator
		{A27647A7-9BA7-4E3D-AEEE-9DA42B5DA014}.Debug|ARM.ActiveCfg = Debug|iPhone
		{A27647A7-9BA7-4E3D-AEEE-9DA42B5DA014}.Debug|ARM.Build.0 = Debug|iPhone
		{A27647A7-9BA7-4E3D-AEEE-9DA42B5DA014}.Debug|ARM.Deploy.0 = Debug|iPhone
		{A27647A7-9BA7-4E3D-AEEE-9DA42B5DA014}.Debug|iPhone.ActiveCfg = Debug|iPhone
		{A27647A7-9BA7-4E3D-AEEE-9DA42B5DA014}.Debug|iPhone.Build.0 = Debug|iPhone
		{A27647A7-9BA7-4E3D-AEEE-9DA42B5DA014}.Debug|iPhone.Deploy.0 = Debug|iPhone
		{A27647A7-9BA7-4E3D-AEEE-9DA42B5DA014}.Debug|iPhoneSimulator.ActiveCfg = Debug|iPhoneSimulator
		{A27647A7-9BA7-4E3D-AEEE-9DA42B5DA014}.Debug|iPhoneSimulator.Build.0 = Debug|iPhoneSimulator
		{A27647A7-9BA7-4E3D-AEEE-9DA42B5DA014}.Debug|iPhoneSimulator.Deploy.0 = Debug|iPhoneSimulator
		{A27647A7-9BA7-4E3D-AEEE-9DA42B5DA014}.Debug|x64.ActiveCfg = Debug|iPhone
		{A27647A7-9BA7-4E3D-AEEE-9DA42B5DA014}.Debug|x64.Build.0 = Debug|iPhone
		{A27647A7-9BA7-4E3D-AEEE-9DA42B5DA014}.Debug|x64.Deploy.0 = Debug|iPhone
		{A27647A7-9BA7-4E3D-AEEE-9DA42B5DA014}.Debug|x86.ActiveCfg = Debug|iPhone
		{A27647A7-9BA7-4E3D-AEEE-9DA42B5DA014}.Debug|x86.Build.0 = Debug|iPhone
		{A27647A7-9BA7-4E3D-AEEE-9DA42B5DA014}.Debug|x86.Deploy.0 = Debug|iPhone
		{A27647A7-9BA7-4E3D-AEEE-9DA42B5DA014}.Release|Any CPU.ActiveCfg = Release|iPhone
		{A27647A7-9BA7-4E3D-AEEE-9DA42B5DA014}.Release|Any CPU.Build.0 = Release|iPhone
		{A27647A7-9BA7-4E3D-AEEE-9DA42B5DA014}.Release|Any CPU.Deploy.0 = Release|iPhone
		{A27647A7-9BA7-4E3D-AEEE-9DA42B5DA014}.Release|ARM.ActiveCfg = Release|iPhone
		{A27647A7-9BA7-4E3D-AEEE-9DA42B5DA014}.Release|ARM.Build.0 = Release|iPhone
		{A27647A7-9BA7-4E3D-AEEE-9DA42B5DA014}.Release|ARM.Deploy.0 = Release|iPhone
		{A27647A7-9BA7-4E3D-AEEE-9DA42B5DA014}.Release|iPhone.ActiveCfg = Release|iPhone
		{A27647A7-9BA7-4E3D-AEEE-9DA42B5DA014}.Release|iPhone.Build.0 = Release|iPhone
		{A27647A7-9BA7-4E3D-AEEE-9DA42B5DA014}.Release|iPhone.Deploy.0 = Release|iPhone
		{A27647A7-9BA7-4E3D-AEEE-9DA42B5DA014}.Release|iPhoneSimulator.ActiveCfg = Release|iPhoneSimulator
		{A27647A7-9BA7-4E3D-AEEE-9DA42B5DA014}.Release|iPhoneSimulator.Build.0 = Release|iPhoneSimulator
		{A27647A7-9BA7-4E3D-AEEE-9DA42B5DA014}.Release|iPhoneSimulator.Deploy.0 = Release|iPhoneSimulator
		{A27647A7-9BA7-4E3D-AEEE-9DA42B5DA014}.Release|x64.ActiveCfg = Release|iPhone
		{A27647A7-9BA7-4E3D-AEEE-9DA42B5DA014}.Release|x64.Build.0 = Release|iPhone
		{A27647A7-9BA7-4E3D-AEEE-9DA42B5DA014}.Release|x64.Deploy.0 = Release|iPhone
		{A27647A7-9BA7-4E3D-AEEE-9DA42B5DA014}.Release|x86.ActiveCfg = Release|iPhone
		{A27647A7-9BA7-4E3D-AEEE-9DA42B5DA014}.Release|x86.Build.0 = Release|iPhone
		{A27647A7-9BA7-4E3D-AEEE-9DA42B5DA014}.Release|x86.Deploy.0 = Release|iPhone
		{868748F1-7038-4E12-B2A5-D102DCE84028}.Ad-Hoc|Any CPU.ActiveCfg = Release|x86
		{868748F1-7038-4E12-B2A5-D102DCE84028}.Ad-Hoc|Any CPU.Build.0 = Release|x86
		{868748F1-7038-4E12-B2A5-D102DCE84028}.Ad-Hoc|Any CPU.Deploy.0 = Release|x86
		{868748F1-7038-4E12-B2A5-D102DCE84028}.Ad-Hoc|ARM.ActiveCfg = Release|ARM
		{868748F1-7038-4E12-B2A5-D102DCE84028}.Ad-Hoc|ARM.Build.0 = Release|ARM
		{868748F1-7038-4E12-B2A5-D102DCE84028}.Ad-Hoc|ARM.Deploy.0 = Release|ARM
		{868748F1-7038-4E12-B2A5-D102DCE84028}.Ad-Hoc|iPhone.ActiveCfg = Release|x86
		{868748F1-7038-4E12-B2A5-D102DCE84028}.Ad-Hoc|iPhone.Build.0 = Release|x86
		{868748F1-7038-4E12-B2A5-D102DCE84028}.Ad-Hoc|iPhone.Deploy.0 = Release|x86
		{868748F1-7038-4E12-B2A5-D102DCE84028}.Ad-Hoc|iPhoneSimulator.ActiveCfg = Release|x86
		{868748F1-7038-4E12-B2A5-D102DCE84028}.Ad-Hoc|iPhoneSimulator.Build.0 = Release|x86
		{868748F1-7038-4E12-B2A5-D102DCE84028}.Ad-Hoc|iPhoneSimulator.Deploy.0 = Release|x86
		{868748F1-7038-4E12-B2A5-D102DCE84028}.Ad-Hoc|x64.ActiveCfg = Release|x64
		{868748F1-7038-4E12-B2A5-D102DCE84028}.Ad-Hoc|x64.Build.0 = Release|x64
		{868748F1-7038-4E12-B2A5-D102DCE84028}.Ad-Hoc|x64.Deploy.0 = Release|x64
		{868748F1-7038-4E12-B2A5-D102DCE84028}.Ad-Hoc|x86.ActiveCfg = Release|x86
		{868748F1-7038-4E12-B2A5-D102DCE84028}.Ad-Hoc|x86.Build.0 = Release|x86
		{868748F1-7038-4E12-B2A5-D102DCE84028}.Ad-Hoc|x86.Deploy.0 = Release|x86
		{868748F1-7038-4E12-B2A5-D102DCE84028}.AppStore|Any CPU.ActiveCfg = Release|x86
		{868748F1-7038-4E12-B2A5-D102DCE84028}.AppStore|Any CPU.Build.0 = Release|x86
		{868748F1-7038-4E12-B2A5-D102DCE84028}.AppStore|Any CPU.Deploy.0 = Release|x86
		{868748F1-7038-4E12-B2A5-D102DCE84028}.AppStore|ARM.ActiveCfg = Release|ARM
		{868748F1-7038-4E12-B2A5-D102DCE84028}.AppStore|ARM.Build.0 = Release|ARM
		{868748F1-7038-4E12-B2A5-D102DCE84028}.AppStore|ARM.Deploy.0 = Release|ARM
		{868748F1-7038-4E12-B2A5-D102DCE84028}.AppStore|iPhone.ActiveCfg = Release|x86
		{868748F1-7038-4E12-B2A5-D102DCE84028}.AppStore|iPhone.Build.0 = Release|x86
		{868748F1-7038-4E12-B2A5-D102DCE84028}.AppStore|iPhone.Deploy.0 = Release|x86
		{868748F1-7038-4E12-B2A5-D102DCE84028}.AppStore|iPhoneSimulator.ActiveCfg = Release|x86
		{868748F1-7038-4E12-B2A5-D102DCE84028}.AppStore|iPhoneSimulator.Build.0 = Release|x86
		{868748F1-7038-4E12-B2A5-D102DCE84028}.AppStore|iPhoneSimulator.Deploy.0 = Release|x86
		{868748F1-7038-4E12-B2A5-D102DCE84028}.AppStore|x64.ActiveCfg = Release|x64
		{868748F1-7038-4E12-B2A5-D102DCE84028}.AppStore|x64.Build.0 = Release|x64
		{868748F1-7038-4E12-B2A5-D102DCE84028}.AppStore|x64.Deploy.0 = Release|x64
		{868748F1-7038-4E12-B2A5-D102DCE84028}.AppStore|x86.ActiveCfg = Release|x86
		{868748F1-7038-4E12-B2A5-D102DCE84028}.AppStore|x86.Build.0 = Release|x86
		{868748F1-7038-4E12-B2A5-D102DCE84028}.AppStore|x86.Deploy.0 = Release|x86
		{868748F1-7038-4E12-B2A5-D102DCE84028}.Debug|Any CPU.ActiveCfg = Debug|x86
		{868748F1-7038-4E12-B2A5-D102DCE84028}.Debug|Any CPU.Build.0 = Debug|x86
		{868748F1-7038-4E12-B2A5-D102DCE84028}.Debug|Any CPU.Deploy.0 = Debug|x86
		{868748F1-7038-4E12-B2A5-D102DCE84028}.Debug|ARM.ActiveCfg = Debug|ARM
		{868748F1-7038-4E12-B2A5-D102DCE84028}.Debug|ARM.Build.0 = Debug|ARM
		{868748F1-7038-4E12-B2A5-D102DCE84028}.Debug|ARM.Deploy.0 = Debug|ARM
		{868748F1-7038-4E12-B2A5-D102DCE84028}.Debug|iPhone.ActiveCfg = Debug|x86
		{868748F1-7038-4E12-B2A5-D102DCE84028}.Debug|iPhone.Build.0 = Debug|x86
		{868748F1-7038-4E12-B2A5-D102DCE84028}.Debug|iPhone.Deploy.0 = Debug|x86
		{868748F1-7038-4E12-B2A5-D102DCE84028}.Debug|iPhoneSimulator.ActiveCfg = Debug|x86
		{868748F1-7038-4E12-B2A5-D102DCE84028}.Debug|iPhoneSimulator.Build.0 = Debug|x86
		{868748F1-7038-4E12-B2A5-D102DCE84028}.Debug|iPhoneSimulator.Deploy.0 = Debug|x86
		{868748F1-7038-4E12-B2A5-D102DCE84028}.Debug|x64.ActiveCfg = Debug|x64
		{868748F1-7038-4E12-B2A5-D102DCE84028}.Debug|x64.Build.0 = Debug|x64
		{868748F1-7038-4E12-B2A5-D102DCE84028}.Debug|x64.Deploy.0 = Debug|x64
		{868748F1-7038-4E12-B2A5-D102DCE84028}.Debug|x86.ActiveCfg = Debug|x86
		{868748F1-7038-4E12-B2A5-D102DCE84028}.Debug|x86.Build.0 = Debug|x86
		{868748F1-7038-4E12-B2A5-D102DCE84028}.Debug|x86.Deploy.0 = Debug|x86
		{868748F1-7038-4E12-B2A5-D102DCE84028}.Release|Any CPU.ActiveCfg = Release|x86
		{868748F1-7038-4E12-B2A5-D102DCE84028}.Release|Any CPU.Build.0 = Release|x86
		{868748F1-7038-4E12-B2A5-D102DCE84028}.Release|ARM.ActiveCfg = Release|ARM
		{868748F1-7038-4E12-B2A5-D102DCE84028}.Release|ARM.Build.0 = Release|ARM
		{868748F1-7038-4E12-B2A5-D102DCE84028}.Release|ARM.Deploy.0 = Release|ARM
		{868748F1-7038-4E12-B2A5-D102DCE84028}.Release|iPhone.ActiveCfg = Release|x86
		{868748F1-7038-4E12-B2A5-D102DCE84028}.Release|iPhone.Build.0 = Release|x86
		{868748F1-7038-4E12-B2A5-D102DCE84028}.Release|iPhone.Deploy.0 = Release|x86
		{868748F1-7038-4E12-B2A5-D102DCE84028}.Release|iPhoneSimulator.ActiveCfg = Release|x86
		{868748F1-7038-4E12-B2A5-D102DCE84028}.Release|iPhoneSimulator.Build.0 = Release|x86
		{868748F1-7038-4E12-B2A5-D102DCE84028}.Release|iPhoneSimulator.Deploy.0 = Release|x86
		{868748F1-7038-4E12-B2A5-D102DCE84028}.Release|x64.ActiveCfg = Release|x64
		{868748F1-7038-4E12-B2A5-D102DCE84028}.Release|x64.Build.0 = Release|x64
		{868748F1-7038-4E12-B2A5-D102DCE84028}.Release|x64.Deploy.0 = Release|x64
		{868748F1-7038-4E12-B2A5-D102DCE84028}.Release|x86.ActiveCfg = Release|x86
		{868748F1-7038-4E12-B2A5-D102DCE84028}.Release|x86.Build.0 = Release|x86
		{868748F1-7038-4E12-B2A5-D102DCE84028}.Release|x86.Deploy.0 = Release|x86
		{19C3CAB5-2737-4EC4-9A8D-BB2A3CF97AAC}.Ad-Hoc|Any CPU.ActiveCfg = Debug|Any CPU
		{19C3CAB5-2737-4EC4-9A8D-BB2A3CF97AAC}.Ad-Hoc|Any CPU.Build.0 = Debug|Any CPU
		{19C3CAB5-2737-4EC4-9A8D-BB2A3CF97AAC}.Ad-Hoc|Any CPU.Deploy.0 = Debug|Any CPU
		{19C3CAB5-2737-4EC4-9A8D-BB2A3CF97AAC}.Ad-Hoc|ARM.ActiveCfg = Debug|Any CPU
		{19C3CAB5-2737-4EC4-9A8D-BB2A3CF97AAC}.Ad-Hoc|ARM.Build.0 = Debug|Any CPU
		{19C3CAB5-2737-4EC4-9A8D-BB2A3CF97AAC}.Ad-Hoc|ARM.Deploy.0 = Debug|Any CPU
		{19C3CAB5-2737-4EC4-9A8D-BB2A3CF97AAC}.Ad-Hoc|iPhone.ActiveCfg = Debug|Any CPU
		{19C3CAB5-2737-4EC4-9A8D-BB2A3CF97AAC}.Ad-Hoc|iPhone.Build.0 = Debug|Any CPU
		{19C3CAB5-2737-4EC4-9A8D-BB2A3CF97AAC}.Ad-Hoc|iPhone.Deploy.0 = Debug|Any CPU
		{19C3CAB5-2737-4EC4-9A8D-BB2A3CF97AAC}.Ad-Hoc|iPhoneSimulator.ActiveCfg = Debug|Any CPU
		{19C3CAB5-2737-4EC4-9A8D-BB2A3CF97AAC}.Ad-Hoc|iPhoneSimulator.Build.0 = Debug|Any CPU
		{19C3CAB5-2737-4EC4-9A8D-BB2A3CF97AAC}.Ad-Hoc|iPhoneSimulator.Deploy.0 = Debug|Any CPU
		{19C3CAB5-2737-4EC4-9A8D-BB2A3CF97AAC}.Ad-Hoc|x64.ActiveCfg = Debug|Any CPU
		{19C3CAB5-2737-4EC4-9A8D-BB2A3CF97AAC}.Ad-Hoc|x64.Build.0 = Debug|Any CPU
		{19C3CAB5-2737-4EC4-9A8D-BB2A3CF97AAC}.Ad-Hoc|x64.Deploy.0 = Debug|Any CPU
		{19C3CAB5-2737-4EC4-9A8D-BB2A3CF97AAC}.Ad-Hoc|x86.ActiveCfg = Debug|Any CPU
		{19C3CAB5-2737-4EC4-9A8D-BB2A3CF97AAC}.Ad-Hoc|x86.Build.0 = Debug|Any CPU
		{19C3CAB5-2737-4EC4-9A8D-BB2A3CF97AAC}.Ad-Hoc|x86.Deploy.0 = Debug|Any CPU
		{19C3CAB5-2737-4EC4-9A8D-BB2A3CF97AAC}.AppStore|Any CPU.ActiveCfg = Debug|Any CPU
		{19C3CAB5-2737-4EC4-9A8D-BB2A3CF97AAC}.AppStore|Any CPU.Build.0 = Debug|Any CPU
		{19C3CAB5-2737-4EC4-9A8D-BB2A3CF97AAC}.AppStore|Any CPU.Deploy.0 = Debug|Any CPU
		{19C3CAB5-2737-4EC4-9A8D-BB2A3CF97AAC}.AppStore|ARM.ActiveCfg = Debug|Any CPU
		{19C3CAB5-2737-4EC4-9A8D-BB2A3CF97AAC}.AppStore|ARM.Build.0 = Debug|Any CPU
		{19C3CAB5-2737-4EC4-9A8D-BB2A3CF97AAC}.AppStore|ARM.Deploy.0 = Debug|Any CPU
		{19C3CAB5-2737-4EC4-9A8D-BB2A3CF97AAC}.AppStore|iPhone.ActiveCfg = Debug|Any CPU
		{19C3CAB5-2737-4EC4-9A8D-BB2A3CF97AAC}.AppStore|iPhone.Build.0 = Debug|Any CPU
		{19C3CAB5-2737-4EC4-9A8D-BB2A3CF97AAC}.AppStore|iPhone.Deploy.0 = Debug|Any CPU
		{19C3CAB5-2737-4EC4-9A8D-BB2A3CF97AAC}.AppStore|iPhoneSimulator.ActiveCfg = Debug|Any CPU
		{19C3CAB5-2737-4EC4-9A8D-BB2A3CF97AAC}.AppStore|iPhoneSimulator.Build.0 = Debug|Any CPU
		{19C3CAB5-2737-4EC4-9A8D-BB2A3CF97AAC}.AppStore|iPhoneSimulator.Deploy.0 = Debug|Any CPU
		{19C3CAB5-2737-4EC4-9A8D-BB2A3CF97AAC}.AppStore|x64.ActiveCfg = Debug|Any CPU
		{19C3CAB5-2737-4EC4-9A8D-BB2A3CF97AAC}.AppStore|x64.Build.0 = Debug|Any CPU
		{19C3CAB5-2737-4EC4-9A8D-BB2A3CF97AAC}.AppStore|x64.Deploy.0 = Debug|Any CPU
		{19C3CAB5-2737-4EC4-9A8D-BB2A3CF97AAC}.AppStore|x86.ActiveCfg = Debug|Any CPU
		{19C3CAB5-2737-4EC4-9A8D-BB2A3CF97AAC}.AppStore|x86.Build.0 = Debug|Any CPU
		{19C3CAB5-2737-4EC4-9A8D-BB2A3CF97AAC}.AppStore|x86.Deploy.0 = Debug|Any CPU
		{19C3CAB5-2737-4EC4-9A8D-BB2A3CF97AAC}.Debug|Any CPU.ActiveCfg = Debug|Any CPU
		{19C3CAB5-2737-4EC4-9A8D-BB2A3CF97AAC}.Debug|Any CPU.Build.0 = Debug|Any CPU
		{19C3CAB5-2737-4EC4-9A8D-BB2A3CF97AAC}.Debug|Any CPU.Deploy.0 = Debug|Any CPU
		{19C3CAB5-2737-4EC4-9A8D-BB2A3CF97AAC}.Debug|ARM.ActiveCfg = Debug|Any CPU
		{19C3CAB5-2737-4EC4-9A8D-BB2A3CF97AAC}.Debug|ARM.Build.0 = Debug|Any CPU
		{19C3CAB5-2737-4EC4-9A8D-BB2A3CF97AAC}.Debug|ARM.Deploy.0 = Debug|Any CPU
		{19C3CAB5-2737-4EC4-9A8D-BB2A3CF97AAC}.Debug|iPhone.ActiveCfg = Debug|Any CPU
		{19C3CAB5-2737-4EC4-9A8D-BB2A3CF97AAC}.Debug|iPhone.Build.0 = Debug|Any CPU
		{19C3CAB5-2737-4EC4-9A8D-BB2A3CF97AAC}.Debug|iPhone.Deploy.0 = Debug|Any CPU
		{19C3CAB5-2737-4EC4-9A8D-BB2A3CF97AAC}.Debug|iPhoneSimulator.ActiveCfg = Debug|Any CPU
		{19C3CAB5-2737-4EC4-9A8D-BB2A3CF97AAC}.Debug|iPhoneSimulator.Build.0 = Debug|Any CPU
		{19C3CAB5-2737-4EC4-9A8D-BB2A3CF97AAC}.Debug|iPhoneSimulator.Deploy.0 = Debug|Any CPU
		{19C3CAB5-2737-4EC4-9A8D-BB2A3CF97AAC}.Debug|x64.ActiveCfg = Debug|Any CPU
		{19C3CAB5-2737-4EC4-9A8D-BB2A3CF97AAC}.Debug|x64.Build.0 = Debug|Any CPU
		{19C3CAB5-2737-4EC4-9A8D-BB2A3CF97AAC}.Debug|x64.Deploy.0 = Debug|Any CPU
		{19C3CAB5-2737-4EC4-9A8D-BB2A3CF97AAC}.Debug|x86.ActiveCfg = Debug|Any CPU
		{19C3CAB5-2737-4EC4-9A8D-BB2A3CF97AAC}.Debug|x86.Build.0 = Debug|Any CPU
		{19C3CAB5-2737-4EC4-9A8D-BB2A3CF97AAC}.Debug|x86.Deploy.0 = Debug|Any CPU
		{19C3CAB5-2737-4EC4-9A8D-BB2A3CF97AAC}.Release|Any CPU.ActiveCfg = Release|Any CPU
		{19C3CAB5-2737-4EC4-9A8D-BB2A3CF97AAC}.Release|Any CPU.Build.0 = Release|Any CPU
		{19C3CAB5-2737-4EC4-9A8D-BB2A3CF97AAC}.Release|Any CPU.Deploy.0 = Release|Any CPU
		{19C3CAB5-2737-4EC4-9A8D-BB2A3CF97AAC}.Release|ARM.ActiveCfg = Release|Any CPU
		{19C3CAB5-2737-4EC4-9A8D-BB2A3CF97AAC}.Release|ARM.Build.0 = Release|Any CPU
		{19C3CAB5-2737-4EC4-9A8D-BB2A3CF97AAC}.Release|ARM.Deploy.0 = Release|Any CPU
		{19C3CAB5-2737-4EC4-9A8D-BB2A3CF97AAC}.Release|iPhone.ActiveCfg = Release|Any CPU
		{19C3CAB5-2737-4EC4-9A8D-BB2A3CF97AAC}.Release|iPhone.Build.0 = Release|Any CPU
		{19C3CAB5-2737-4EC4-9A8D-BB2A3CF97AAC}.Release|iPhone.Deploy.0 = Release|Any CPU
		{19C3CAB5-2737-4EC4-9A8D-BB2A3CF97AAC}.Release|iPhoneSimulator.ActiveCfg = Release|Any CPU
		{19C3CAB5-2737-4EC4-9A8D-BB2A3CF97AAC}.Release|iPhoneSimulator.Build.0 = Release|Any CPU
		{19C3CAB5-2737-4EC4-9A8D-BB2A3CF97AAC}.Release|iPhoneSimulator.Deploy.0 = Release|Any CPU
		{19C3CAB5-2737-4EC4-9A8D-BB2A3CF97AAC}.Release|x64.ActiveCfg = Release|Any CPU
		{19C3CAB5-2737-4EC4-9A8D-BB2A3CF97AAC}.Release|x64.Build.0 = Release|Any CPU
		{19C3CAB5-2737-4EC4-9A8D-BB2A3CF97AAC}.Release|x64.Deploy.0 = Release|Any CPU
		{19C3CAB5-2737-4EC4-9A8D-BB2A3CF97AAC}.Release|x86.ActiveCfg = Release|Any CPU
		{19C3CAB5-2737-4EC4-9A8D-BB2A3CF97AAC}.Release|x86.Build.0 = Release|Any CPU
		{19C3CAB5-2737-4EC4-9A8D-BB2A3CF97AAC}.Release|x86.Deploy.0 = Release|Any CPU
	EndGlobalSection
	GlobalSection(SolutionProperties) = preSolution
		HideSolutionNode = FALSE
	EndGlobalSection
	GlobalSection(ExtensibilityGlobals) = postSolution
		SolutionGuid = {AFF50826-4234-4B08-A75A-FE473D6E7D56}
	EndGlobalSection
EndGlobal
